
Microsoft Visual Studio Solution File, Format Version 12.00
# Visual Studio Version 17
VisualStudioVersion = 17.5.33516.290
MinimumVisualStudioVersion = 10.0.40219.1
Project("{FAE04EC0-301F-11D3-BF4B-00C04F79EFBC}") = "Test", "Test.csproj", "{7D881C88-5A47-4FD5-9293-3B0F6D9706EE}"
EndProject
Global
	GlobalSection(SolutionConfigurationPlatforms) = preSolution
		Debug|Any CPU = Debug|Any CPU
		Release|Any CPU = Release|Any CPU
	EndGlobalSection
	GlobalSection(ProjectConfigurationPlatforms) = postSolution
		{7D881C88-5A47-4FD5-9293-3B0F6D9706EE}.Debug|Any CPU.ActiveCfg = Debug|Any CPU
		{7D881C88-5A47-4FD5-9293-3B0F6D9706EE}.Debug|Any CPU.Build.0 = Debug|Any CPU
		{7D881C88-5A47-4FD5-9293-3B0F6D9706EE}.Release|Any CPU.ActiveCfg = Release|Any CPU
		{7D881C88-5A47-4FD5-9293-3B0F6D9706EE}.Release|Any CPU.Build.0 = Release|Any CPU
	EndGlobalSection
	GlobalSection(SolutionProperties) = preSolution
		HideSolutionNode = FALSE
	EndGlobalSection
	GlobalSection(ExtensibilityGlobals) = postSolution
		SolutionGuid = {D9953A5F-35F6-497E-B2F9-DAD94249F6BF}
	EndGlobalSection
EndGlobal
